
Microsoft Visual Studio Solution File, Format Version 11.00
# Visual Studio 2010
Project("{8BC9CEB8-8B4A-11D0-8D11-00A0C91BC942}") = "myArraySort", "myArraySort\myArraySort.vcxproj", "{FF9ABC9D-AACB-4262-9C88-7419B6350BE7}"
EndProject
Global
	GlobalSection(SolutionConfigurationPlatforms) = preSolution
		Debug|Win32 = Debug|Win32
		Release|Win32 = Release|Win32
	EndGlobalSection
	GlobalSection(ProjectConfigurationPlatforms) = postSolution
		{FF9ABC9D-AACB-4262-9C88-7419B6350BE7}.Debug|Win32.ActiveCfg = Debug|Win32
		{FF9ABC9D-AACB-4262-9C88-7419B6350BE7}.Debug|Win32.Build.0 = Debug|Win32
		{FF9ABC9D-AACB-4262-9C88-7419B6350BE7}.Release|Win32.ActiveCfg = Release|Win32
		{FF9ABC9D-AACB-4262-9C88-7419B6350BE7}.Release|Win32.Build.0 = Release|Win32
	EndGlobalSection
	GlobalSection(SolutionProperties) = preSolution
		HideSolutionNode = FALSE
	EndGlobalSection
EndGlobal
